// !$*UTF8*$!
{
	archiveVersion = 1;
	classes = {
	};
	objectVersion = 50;
	objects = {

/* Begin PBXBuildFile section */
		8E06439822013C4B00F977DF /* AppDelegate.swift in Sources */ = {isa = PBXBuildFile; fileRef = 8E06439722013C4B00F977DF /* AppDelegate.swift */; };
		8E06439A22013C4B00F977DF /* ViewController.swift in Sources */ = {isa = PBXBuildFile; fileRef = 8E06439922013C4B00F977DF /* ViewController.swift */; };
		8E06439D22013C4B00F977DF /* Main.storyboard in Resources */ = {isa = PBXBuildFile; fileRef = 8E06439B22013C4B00F977DF /* Main.storyboard */; };
		8E06439F22013C4C00F977DF /* Assets.xcassets in Resources */ = {isa = PBXBuildFile; fileRef = 8E06439E22013C4C00F977DF /* Assets.xcassets */; };
		8E0643A222013C4C00F977DF /* LaunchScreen.storyboard in Resources */ = {isa = PBXBuildFile; fileRef = 8E0643A022013C4C00F977DF /* LaunchScreen.storyboard */; };
		8E0643AD22013C4C00F977DF /* SkyScannerTests.swift in Sources */ = {isa = PBXBuildFile; fileRef = 8E0643AC22013C4C00F977DF /* SkyScannerTests.swift */; };
		8E0643B822013C4C00F977DF /* SkyScannerUITests.swift in Sources */ = {isa = PBXBuildFile; fileRef = 8E0643B722013C4C00F977DF /* SkyScannerUITests.swift */; };
		8E0643C922013D5800F977DF /* ServiceApi.swift in Sources */ = {isa = PBXBuildFile; fileRef = 8E0643C822013D5800F977DF /* ServiceApi.swift */; };
		8E502FB82204EA90006208CA /* DataRequest.swift in Sources */ = {isa = PBXBuildFile; fileRef = 8E502FB72204EA90006208CA /* DataRequest.swift */; };
		8E502FD02204F31E006208CA /* ServiceQuery.swift in Sources */ = {isa = PBXBuildFile; fileRef = 8E502FCF2204F31E006208CA /* ServiceQuery.swift */; };
		8E502FD22204F388006208CA /* Carrier.swift in Sources */ = {isa = PBXBuildFile; fileRef = 8E502FD12204F388006208CA /* Carrier.swift */; };
		8E502FD42204F49E006208CA /* Currency.swift in Sources */ = {isa = PBXBuildFile; fileRef = 8E502FD32204F49E006208CA /* Currency.swift */; };
		8E502FD62204F50C006208CA /* Place.swift in Sources */ = {isa = PBXBuildFile; fileRef = 8E502FD52204F50C006208CA /* Place.swift */; };
		8E502FD82204FA5A006208CA /* Agent.swift in Sources */ = {isa = PBXBuildFile; fileRef = 8E502FD72204FA5A006208CA /* Agent.swift */; };
		8E502FDA2204FB9E006208CA /* Segment.swift in Sources */ = {isa = PBXBuildFile; fileRef = 8E502FD92204FB9E006208CA /* Segment.swift */; };
		8E502FDC2204FDFA006208CA /* Query.swift in Sources */ = {isa = PBXBuildFile; fileRef = 8E502FDB2204FDFA006208CA /* Query.swift */; };
		8E502FDE22062446006208CA /* Leg.swift in Sources */ = {isa = PBXBuildFile; fileRef = 8E502FDD22062446006208CA /* Leg.swift */; };
		8E502FE02206261A006208CA /* FlightNumber.swift in Sources */ = {isa = PBXBuildFile; fileRef = 8E502FDF2206261A006208CA /* FlightNumber.swift */; };
		8E502FE2220626F0006208CA /* PollSession.swift in Sources */ = {isa = PBXBuildFile; fileRef = 8E502FE1220626F0006208CA /* PollSession.swift */; };
		8E502FE5220644E4006208CA /* FlightRepository.swift in Sources */ = {isa = PBXBuildFile; fileRef = 8E502FE4220644E4006208CA /* FlightRepository.swift */; };
		8E502FE822064606006208CA /* StorageInMemory.swift in Sources */ = {isa = PBXBuildFile; fileRef = 8E502FE722064606006208CA /* StorageInMemory.swift */; };
		8E502FEA220647F1006208CA /* SkyScannerKeys.swift in Sources */ = {isa = PBXBuildFile; fileRef = 8E502FE9220647F1006208CA /* SkyScannerKeys.swift */; };
		8E502FEC22064801006208CA /* SkyScannerKeysImpl.swift in Sources */ = {isa = PBXBuildFile; fileRef = 8E502FEB22064801006208CA /* SkyScannerKeysImpl.swift */; };
		8E502FEE22065818006208CA /* Itinerary.swift in Sources */ = {isa = PBXBuildFile; fileRef = 8E502FED22065818006208CA /* Itinerary.swift */; };
		8E502FF02206585E006208CA /* PricingOption.swift in Sources */ = {isa = PBXBuildFile; fileRef = 8E502FEF2206585E006208CA /* PricingOption.swift */; };
		8E502FF22206592E006208CA /* BookingDetailsLink.swift in Sources */ = {isa = PBXBuildFile; fileRef = 8E502FF12206592E006208CA /* BookingDetailsLink.swift */; };
		8E502FF622065B19006208CA /* FlightRepositoryTest.swift in Sources */ = {isa = PBXBuildFile; fileRef = 8E502FF522065B19006208CA /* FlightRepositoryTest.swift */; };
		8E502FF922065B6E006208CA /* ServiceApiSpy.swift in Sources */ = {isa = PBXBuildFile; fileRef = 8E502FF822065B6E006208CA /* ServiceApiSpy.swift */; };
		8E5030002206629A006208CA /* GET_POLLSESION_200.json in Resources */ = {isa = PBXBuildFile; fileRef = 8E502FFF2206629A006208CA /* GET_POLLSESION_200.json */; };
/* End PBXBuildFile section */

/* Begin PBXContainerItemProxy section */
		8E0643A922013C4C00F977DF /* PBXContainerItemProxy */ = {
			isa = PBXContainerItemProxy;
			containerPortal = 8E06438C22013C4B00F977DF /* Project object */;
			proxyType = 1;
			remoteGlobalIDString = 8E06439322013C4B00F977DF;
			remoteInfo = SkyScanner;
		};
		8E0643B422013C4C00F977DF /* PBXContainerItemProxy */ = {
			isa = PBXContainerItemProxy;
			containerPortal = 8E06438C22013C4B00F977DF /* Project object */;
			proxyType = 1;
			remoteGlobalIDString = 8E06439322013C4B00F977DF;
			remoteInfo = SkyScanner;
		};
/* End PBXContainerItemProxy section */

/* Begin PBXFileReference section */
		8E06439422013C4B00F977DF /* SkyScanner.app */ = {isa = PBXFileReference; explicitFileType = wrapper.application; includeInIndex = 0; path = SkyScanner.app; sourceTree = BUILT_PRODUCTS_DIR; };
		8E06439722013C4B00F977DF /* AppDelegate.swift */ = {isa = PBXFileReference; lastKnownFileType = sourcecode.swift; path = AppDelegate.swift; sourceTree = "<group>"; };
		8E06439922013C4B00F977DF /* ViewController.swift */ = {isa = PBXFileReference; lastKnownFileType = sourcecode.swift; path = ViewController.swift; sourceTree = "<group>"; };
		8E06439C22013C4B00F977DF /* Base */ = {isa = PBXFileReference; lastKnownFileType = file.storyboard; name = Base; path = Base.lproj/Main.storyboard; sourceTree = "<group>"; };
		8E06439E22013C4C00F977DF /* Assets.xcassets */ = {isa = PBXFileReference; lastKnownFileType = folder.assetcatalog; path = Assets.xcassets; sourceTree = "<group>"; };
		8E0643A122013C4C00F977DF /* Base */ = {isa = PBXFileReference; lastKnownFileType = file.storyboard; name = Base; path = Base.lproj/LaunchScreen.storyboard; sourceTree = "<group>"; };
		8E0643A322013C4C00F977DF /* Info.plist */ = {isa = PBXFileReference; lastKnownFileType = text.plist.xml; path = Info.plist; sourceTree = "<group>"; };
		8E0643A822013C4C00F977DF /* SkyScannerTests.xctest */ = {isa = PBXFileReference; explicitFileType = wrapper.cfbundle; includeInIndex = 0; path = SkyScannerTests.xctest; sourceTree = BUILT_PRODUCTS_DIR; };
		8E0643AC22013C4C00F977DF /* SkyScannerTests.swift */ = {isa = PBXFileReference; lastKnownFileType = sourcecode.swift; path = SkyScannerTests.swift; sourceTree = "<group>"; };
		8E0643AE22013C4C00F977DF /* Info.plist */ = {isa = PBXFileReference; lastKnownFileType = text.plist.xml; path = Info.plist; sourceTree = "<group>"; };
		8E0643B322013C4C00F977DF /* SkyScannerUITests.xctest */ = {isa = PBXFileReference; explicitFileType = wrapper.cfbundle; includeInIndex = 0; path = SkyScannerUITests.xctest; sourceTree = BUILT_PRODUCTS_DIR; };
		8E0643B722013C4C00F977DF /* SkyScannerUITests.swift */ = {isa = PBXFileReference; lastKnownFileType = sourcecode.swift; path = SkyScannerUITests.swift; sourceTree = "<group>"; };
		8E0643B922013C4C00F977DF /* Info.plist */ = {isa = PBXFileReference; lastKnownFileType = text.plist.xml; path = Info.plist; sourceTree = "<group>"; };
		8E0643C822013D5800F977DF /* ServiceApi.swift */ = {isa = PBXFileReference; fileEncoding = 4; lastKnownFileType = sourcecode.swift; path = ServiceApi.swift; sourceTree = "<group>"; };
		8E502FB72204EA90006208CA /* DataRequest.swift */ = {isa = PBXFileReference; lastKnownFileType = sourcecode.swift; path = DataRequest.swift; sourceTree = "<group>"; };
		8E502FCF2204F31E006208CA /* ServiceQuery.swift */ = {isa = PBXFileReference; lastKnownFileType = sourcecode.swift; path = ServiceQuery.swift; sourceTree = "<group>"; };
		8E502FD12204F388006208CA /* Carrier.swift */ = {isa = PBXFileReference; lastKnownFileType = sourcecode.swift; path = Carrier.swift; sourceTree = "<group>"; };
		8E502FD32204F49E006208CA /* Currency.swift */ = {isa = PBXFileReference; lastKnownFileType = sourcecode.swift; path = Currency.swift; sourceTree = "<group>"; };
		8E502FD52204F50C006208CA /* Place.swift */ = {isa = PBXFileReference; lastKnownFileType = sourcecode.swift; path = Place.swift; sourceTree = "<group>"; };
		8E502FD72204FA5A006208CA /* Agent.swift */ = {isa = PBXFileReference; lastKnownFileType = sourcecode.swift; path = Agent.swift; sourceTree = "<group>"; };
		8E502FD92204FB9E006208CA /* Segment.swift */ = {isa = PBXFileReference; lastKnownFileType = sourcecode.swift; path = Segment.swift; sourceTree = "<group>"; };
		8E502FDB2204FDFA006208CA /* Query.swift */ = {isa = PBXFileReference; lastKnownFileType = sourcecode.swift; path = Query.swift; sourceTree = "<group>"; };
		8E502FDD22062446006208CA /* Leg.swift */ = {isa = PBXFileReference; lastKnownFileType = sourcecode.swift; path = Leg.swift; sourceTree = "<group>"; };
		8E502FDF2206261A006208CA /* FlightNumber.swift */ = {isa = PBXFileReference; lastKnownFileType = sourcecode.swift; path = FlightNumber.swift; sourceTree = "<group>"; };
		8E502FE1220626F0006208CA /* PollSession.swift */ = {isa = PBXFileReference; lastKnownFileType = sourcecode.swift; path = PollSession.swift; sourceTree = "<group>"; };
		8E502FE4220644E4006208CA /* FlightRepository.swift */ = {isa = PBXFileReference; lastKnownFileType = sourcecode.swift; path = FlightRepository.swift; sourceTree = "<group>"; };
		8E502FE722064606006208CA /* StorageInMemory.swift */ = {isa = PBXFileReference; lastKnownFileType = sourcecode.swift; path = StorageInMemory.swift; sourceTree = "<group>"; };
		8E502FE9220647F1006208CA /* SkyScannerKeys.swift */ = {isa = PBXFileReference; lastKnownFileType = sourcecode.swift; path = SkyScannerKeys.swift; sourceTree = "<group>"; };
		8E502FEB22064801006208CA /* SkyScannerKeysImpl.swift */ = {isa = PBXFileReference; lastKnownFileType = sourcecode.swift; path = SkyScannerKeysImpl.swift; sourceTree = "<group>"; };
		8E502FED22065818006208CA /* Itinerary.swift */ = {isa = PBXFileReference; lastKnownFileType = sourcecode.swift; path = Itinerary.swift; sourceTree = "<group>"; };
		8E502FEF2206585E006208CA /* PricingOption.swift */ = {isa = PBXFileReference; lastKnownFileType = sourcecode.swift; path = PricingOption.swift; sourceTree = "<group>"; };
		8E502FF12206592E006208CA /* BookingDetailsLink.swift */ = {isa = PBXFileReference; lastKnownFileType = sourcecode.swift; path = BookingDetailsLink.swift; sourceTree = "<group>"; };
		8E502FF522065B19006208CA /* FlightRepositoryTest.swift */ = {isa = PBXFileReference; lastKnownFileType = sourcecode.swift; path = FlightRepositoryTest.swift; sourceTree = "<group>"; };
		8E502FF822065B6E006208CA /* ServiceApiSpy.swift */ = {isa = PBXFileReference; lastKnownFileType = sourcecode.swift; path = ServiceApiSpy.swift; sourceTree = "<group>"; };
		8E502FFF2206629A006208CA /* GET_POLLSESION_200.json */ = {isa = PBXFileReference; fileEncoding = 4; lastKnownFileType = text.json; path = GET_POLLSESION_200.json; sourceTree = "<group>"; };
/* End PBXFileReference section */

/* Begin PBXFrameworksBuildPhase section */
		8E06439122013C4B00F977DF /* Frameworks */ = {
			isa = PBXFrameworksBuildPhase;
			buildActionMask = 2147483647;
			files = (
			);
			runOnlyForDeploymentPostprocessing = 0;
		};
		8E0643A522013C4C00F977DF /* Frameworks */ = {
			isa = PBXFrameworksBuildPhase;
			buildActionMask = 2147483647;
			files = (
			);
			runOnlyForDeploymentPostprocessing = 0;
		};
		8E0643B022013C4C00F977DF /* Frameworks */ = {
			isa = PBXFrameworksBuildPhase;
			buildActionMask = 2147483647;
			files = (
			);
			runOnlyForDeploymentPostprocessing = 0;
		};
/* End PBXFrameworksBuildPhase section */

/* Begin PBXGroup section */
		8E06438B22013C4B00F977DF = {
			isa = PBXGroup;
			children = (
				8E06439622013C4B00F977DF /* SkyScanner */,
				8E0643AB22013C4C00F977DF /* SkyScannerTests */,
				8E0643B622013C4C00F977DF /* SkyScannerUITests */,
				8E06439522013C4B00F977DF /* Products */,
			);
			sourceTree = "<group>";
		};
		8E06439522013C4B00F977DF /* Products */ = {
			isa = PBXGroup;
			children = (
				8E06439422013C4B00F977DF /* SkyScanner.app */,
				8E0643A822013C4C00F977DF /* SkyScannerTests.xctest */,
				8E0643B322013C4C00F977DF /* SkyScannerUITests.xctest */,
			);
			name = Products;
			sourceTree = "<group>";
		};
		8E06439622013C4B00F977DF /* SkyScanner */ = {
			isa = PBXGroup;
			children = (
				8E502FB92204F0FC006208CA /* Modules */,
				8E502FB52204EA75006208CA /* Commons */,
				8E0643C522013C5500F977DF /* Configuration */,
				8E06439722013C4B00F977DF /* AppDelegate.swift */,
				8E06439922013C4B00F977DF /* ViewController.swift */,
				8E06439B22013C4B00F977DF /* Main.storyboard */,
				8E06439E22013C4C00F977DF /* Assets.xcassets */,
				8E0643A022013C4C00F977DF /* LaunchScreen.storyboard */,
				8E0643A322013C4C00F977DF /* Info.plist */,
			);
			path = SkyScanner;
			sourceTree = "<group>";
		};
		8E0643AB22013C4C00F977DF /* SkyScannerTests */ = {
			isa = PBXGroup;
			children = (
				8E502FF322065AE4006208CA /* Modules */,
				8E0643AC22013C4C00F977DF /* SkyScannerTests.swift */,
				8E0643AE22013C4C00F977DF /* Info.plist */,
			);
			path = SkyScannerTests;
			sourceTree = "<group>";
		};
		8E0643B622013C4C00F977DF /* SkyScannerUITests */ = {
			isa = PBXGroup;
			children = (
				8E0643B722013C4C00F977DF /* SkyScannerUITests.swift */,
				8E0643B922013C4C00F977DF /* Info.plist */,
			);
			path = SkyScannerUITests;
			sourceTree = "<group>";
		};
		8E0643C522013C5500F977DF /* Configuration */ = {
			isa = PBXGroup;
			children = (
				8E0643C822013D5800F977DF /* ServiceApi.swift */,
				8E502FE9220647F1006208CA /* SkyScannerKeys.swift */,
				8E502FEB22064801006208CA /* SkyScannerKeysImpl.swift */,
			);
			path = Configuration;
			sourceTree = "<group>";
		};
		8E502FB52204EA75006208CA /* Commons */ = {
			isa = PBXGroup;
			children = (
				8E502FE6220645F1006208CA /* Storage */,
				8E502FCE2204F311006208CA /* Models */,
				8E502FB62204EA7B006208CA /* Network */,
			);
			path = Commons;
			sourceTree = "<group>";
		};
		8E502FB62204EA7B006208CA /* Network */ = {
			isa = PBXGroup;
			children = (
				8E502FFE2206627B006208CA /* Data */,
				8E502FB72204EA90006208CA /* DataRequest.swift */,
			);
			path = Network;
			sourceTree = "<group>";
		};
		8E502FB92204F0FC006208CA /* Modules */ = {
			isa = PBXGroup;
			children = (
				8E502FBA2204F104006208CA /* Flights */,
			);
			path = Modules;
			sourceTree = "<group>";
		};
		8E502FBA2204F104006208CA /* Flights */ = {
			isa = PBXGroup;
			children = (
				8E502FE3220644D6006208CA /* Repository */,
				8E502FBD2204F138006208CA /* Presenter */,
				8E502FBC2204F130006208CA /* View */,
				8E502FBB2204F12B006208CA /* Model */,
			);
			path = Flights;
			sourceTree = "<group>";
		};
		8E502FBB2204F12B006208CA /* Model */ = {
			isa = PBXGroup;
			children = (
				8E502FD12204F388006208CA /* Carrier.swift */,
				8E502FD32204F49E006208CA /* Currency.swift */,
				8E502FD52204F50C006208CA /* Place.swift */,
				8E502FD72204FA5A006208CA /* Agent.swift */,
				8E502FD92204FB9E006208CA /* Segment.swift */,
				8E502FDB2204FDFA006208CA /* Query.swift */,
				8E502FDD22062446006208CA /* Leg.swift */,
				8E502FDF2206261A006208CA /* FlightNumber.swift */,
				8E502FE1220626F0006208CA /* PollSession.swift */,
				8E502FED22065818006208CA /* Itinerary.swift */,
				8E502FEF2206585E006208CA /* PricingOption.swift */,
				8E502FF12206592E006208CA /* BookingDetailsLink.swift */,
			);
			path = Model;
			sourceTree = "<group>";
		};
		8E502FBC2204F130006208CA /* View */ = {
			isa = PBXGroup;
			children = (
			);
			path = View;
			sourceTree = "<group>";
		};
		8E502FBD2204F138006208CA /* Presenter */ = {
			isa = PBXGroup;
			children = (
			);
			path = Presenter;
			sourceTree = "<group>";
		};
		8E502FCE2204F311006208CA /* Models */ = {
			isa = PBXGroup;
			children = (
				8E502FCF2204F31E006208CA /* ServiceQuery.swift */,
			);
			path = Models;
			sourceTree = "<group>";
		};
		8E502FE3220644D6006208CA /* Repository */ = {
			isa = PBXGroup;
			children = (
				8E502FE4220644E4006208CA /* FlightRepository.swift */,
			);
			path = Repository;
			sourceTree = "<group>";
		};
		8E502FE6220645F1006208CA /* Storage */ = {
			isa = PBXGroup;
			children = (
				8E502FE722064606006208CA /* StorageInMemory.swift */,
			);
			path = Storage;
			sourceTree = "<group>";
		};
		8E502FF322065AE4006208CA /* Modules */ = {
			isa = PBXGroup;
			children = (
				8E502FF722065B59006208CA /* Spies */,
				8E502FF422065AEC006208CA /* Repository */,
			);
			path = Modules;
			sourceTree = "<group>";
		};
		8E502FF422065AEC006208CA /* Repository */ = {
			isa = PBXGroup;
			children = (
				8E502FF522065B19006208CA /* FlightRepositoryTest.swift */,
			);
			path = Repository;
			sourceTree = "<group>";
		};
		8E502FF722065B59006208CA /* Spies */ = {
			isa = PBXGroup;
			children = (
				8E502FF822065B6E006208CA /* ServiceApiSpy.swift */,
			);
			path = Spies;
			sourceTree = "<group>";
		};
		8E502FFE2206627B006208CA /* Data */ = {
			isa = PBXGroup;
			children = (
				8E502FFF2206629A006208CA /* GET_POLLSESION_200.json */,
			);
			path = Data;
			sourceTree = "<group>";
		};
/* End PBXGroup section */

/* Begin PBXNativeTarget section */
		8E06439322013C4B00F977DF /* SkyScanner */ = {
			isa = PBXNativeTarget;
			buildConfigurationList = 8E0643BC22013C4C00F977DF /* Build configuration list for PBXNativeTarget "SkyScanner" */;
			buildPhases = (
				8E06439022013C4B00F977DF /* Sources */,
				8E06439122013C4B00F977DF /* Frameworks */,
				8E06439222013C4B00F977DF /* Resources */,
			);
			buildRules = (
			);
			dependencies = (
			);
			name = SkyScanner;
			productName = SkyScanner;
			productReference = 8E06439422013C4B00F977DF /* SkyScanner.app */;
			productType = "com.apple.product-type.application";
		};
		8E0643A722013C4C00F977DF /* SkyScannerTests */ = {
			isa = PBXNativeTarget;
			buildConfigurationList = 8E0643BF22013C4C00F977DF /* Build configuration list for PBXNativeTarget "SkyScannerTests" */;
			buildPhases = (
				8E0643A422013C4C00F977DF /* Sources */,
				8E0643A522013C4C00F977DF /* Frameworks */,
				8E0643A622013C4C00F977DF /* Resources */,
			);
			buildRules = (
			);
			dependencies = (
				8E0643AA22013C4C00F977DF /* PBXTargetDependency */,
			);
			name = SkyScannerTests;
			productName = SkyScannerTests;
			productReference = 8E0643A822013C4C00F977DF /* SkyScannerTests.xctest */;
			productType = "com.apple.product-type.bundle.unit-test";
		};
		8E0643B222013C4C00F977DF /* SkyScannerUITests */ = {
			isa = PBXNativeTarget;
			buildConfigurationList = 8E0643C222013C4C00F977DF /* Build configuration list for PBXNativeTarget "SkyScannerUITests" */;
			buildPhases = (
				8E0643AF22013C4C00F977DF /* Sources */,
				8E0643B022013C4C00F977DF /* Frameworks */,
				8E0643B122013C4C00F977DF /* Resources */,
			);
			buildRules = (
			);
			dependencies = (
				8E0643B522013C4C00F977DF /* PBXTargetDependency */,
			);
			name = SkyScannerUITests;
			productName = SkyScannerUITests;
			productReference = 8E0643B322013C4C00F977DF /* SkyScannerUITests.xctest */;
			productType = "com.apple.product-type.bundle.ui-testing";
		};
/* End PBXNativeTarget section */

/* Begin PBXProject section */
		8E06438C22013C4B00F977DF /* Project object */ = {
			isa = PBXProject;
			attributes = {
				LastSwiftUpdateCheck = 1010;
				LastUpgradeCheck = 1010;
				ORGANIZATIONNAME = SkyScanner;
				TargetAttributes = {
					8E06439322013C4B00F977DF = {
						CreatedOnToolsVersion = 10.1;
					};
					8E0643A722013C4C00F977DF = {
						CreatedOnToolsVersion = 10.1;
						TestTargetID = 8E06439322013C4B00F977DF;
					};
					8E0643B222013C4C00F977DF = {
						CreatedOnToolsVersion = 10.1;
						TestTargetID = 8E06439322013C4B00F977DF;
					};
				};
			};
			buildConfigurationList = 8E06438F22013C4B00F977DF /* Build configuration list for PBXProject "SkyScanner" */;
			compatibilityVersion = "Xcode 9.3";
			developmentRegion = en;
			hasScannedForEncodings = 0;
			knownRegions = (
				en,
				Base,
			);
			mainGroup = 8E06438B22013C4B00F977DF;
			productRefGroup = 8E06439522013C4B00F977DF /* Products */;
			projectDirPath = "";
			projectRoot = "";
			targets = (
				8E06439322013C4B00F977DF /* SkyScanner */,
				8E0643A722013C4C00F977DF /* SkyScannerTests */,
				8E0643B222013C4C00F977DF /* SkyScannerUITests */,
			);
		};
/* End PBXProject section */

/* Begin PBXResourcesBuildPhase section */
		8E06439222013C4B00F977DF /* Resources */ = {
			isa = PBXResourcesBuildPhase;
			buildActionMask = 2147483647;
			files = (
				8E0643A222013C4C00F977DF /* LaunchScreen.storyboard in Resources */,
				8E06439F22013C4C00F977DF /* Assets.xcassets in Resources */,
				8E06439D22013C4B00F977DF /* Main.storyboard in Resources */,
				8E5030002206629A006208CA /* GET_POLLSESION_200.json in Resources */,
			);
			runOnlyForDeploymentPostprocessing = 0;
		};
		8E0643A622013C4C00F977DF /* Resources */ = {
			isa = PBXResourcesBuildPhase;
			buildActionMask = 2147483647;
			files = (
			);
			runOnlyForDeploymentPostprocessing = 0;
		};
		8E0643B122013C4C00F977DF /* Resources */ = {
			isa = PBXResourcesBuildPhase;
			buildActionMask = 2147483647;
			files = (
			);
			runOnlyForDeploymentPostprocessing = 0;
		};
/* End PBXResourcesBuildPhase section */

/* Begin PBXSourcesBuildPhase section */
		8E06439022013C4B00F977DF /* Sources */ = {
			isa = PBXSourcesBuildPhase;
			buildActionMask = 2147483647;
			files = (
				8E502FEC22064801006208CA /* SkyScannerKeysImpl.swift in Sources */,
				8E502FDE22062446006208CA /* Leg.swift in Sources */,
				8E502FEE22065818006208CA /* Itinerary.swift in Sources */,
				8E502FF02206585E006208CA /* PricingOption.swift in Sources */,
				8E502FE2220626F0006208CA /* PollSession.swift in Sources */,
				8E06439A22013C4B00F977DF /* ViewController.swift in Sources */,
				8E502FDA2204FB9E006208CA /* Segment.swift in Sources */,
				8E502FD22204F388006208CA /* Carrier.swift in Sources */,
				8E502FE822064606006208CA /* StorageInMemory.swift in Sources */,
				8E502FF22206592E006208CA /* BookingDetailsLink.swift in Sources */,
				8E06439822013C4B00F977DF /* AppDelegate.swift in Sources */,
				8E502FEA220647F1006208CA /* SkyScannerKeys.swift in Sources */,
				8E502FD82204FA5A006208CA /* Agent.swift in Sources */,
				8E502FDC2204FDFA006208CA /* Query.swift in Sources */,
				8E502FD02204F31E006208CA /* ServiceQuery.swift in Sources */,
				8E502FD42204F49E006208CA /* Currency.swift in Sources */,
				8E502FE5220644E4006208CA /* FlightRepository.swift in Sources */,
				8E502FE02206261A006208CA /* FlightNumber.swift in Sources */,
				8E0643C922013D5800F977DF /* ServiceApi.swift in Sources */,
				8E502FD62204F50C006208CA /* Place.swift in Sources */,
				8E502FB82204EA90006208CA /* DataRequest.swift in Sources */,
			);
			runOnlyForDeploymentPostprocessing = 0;
		};
		8E0643A422013C4C00F977DF /* Sources */ = {
			isa = PBXSourcesBuildPhase;
			buildActionMask = 2147483647;
			files = (
				8E0643AD22013C4C00F977DF /* SkyScannerTests.swift in Sources */,
				8E502FF922065B6E006208CA /* ServiceApiSpy.swift in Sources */,
				8E502FF622065B19006208CA /* FlightRepositoryTest.swift in Sources */,
			);
			runOnlyForDeploymentPostprocessing = 0;
		};
		8E0643AF22013C4C00F977DF /* Sources */ = {
			isa = PBXSourcesBuildPhase;
			buildActionMask = 2147483647;
			files = (
				8E0643B822013C4C00F977DF /* SkyScannerUITests.swift in Sources */,
			);
			runOnlyForDeploymentPostprocessing = 0;
		};
/* End PBXSourcesBuildPhase section */

/* Begin PBXTargetDependency section */
		8E0643AA22013C4C00F977DF /* PBXTargetDependency */ = {
			isa = PBXTargetDependency;
			target = 8E06439322013C4B00F977DF /* SkyScanner */;
			targetProxy = 8E0643A922013C4C00F977DF /* PBXContainerItemProxy */;
		};
		8E0643B522013C4C00F977DF /* PBXTargetDependency */ = {
			isa = PBXTargetDependency;
			target = 8E06439322013C4B00F977DF /* SkyScanner */;
			targetProxy = 8E0643B422013C4C00F977DF /* PBXContainerItemProxy */;
		};
/* End PBXTargetDependency section */

/* Begin PBXVariantGroup section */
		8E06439B22013C4B00F977DF /* Main.storyboard */ = {
			isa = PBXVariantGroup;
			children = (
				8E06439C22013C4B00F977DF /* Base */,
			);
			name = Main.storyboard;
			sourceTree = "<group>";
		};
		8E0643A022013C4C00F977DF /* LaunchScreen.storyboard */ = {
			isa = PBXVariantGroup;
			children = (
				8E0643A122013C4C00F977DF /* Base */,
			);
			name = LaunchScreen.storyboard;
			sourceTree = "<group>";
		};
/* End PBXVariantGroup section */

/* Begin XCBuildConfiguration section */
		8E0643BA22013C4C00F977DF /* Debug */ = {
			isa = XCBuildConfiguration;
			buildSettings = {
				ALWAYS_SEARCH_USER_PATHS = NO;
				CLANG_ANALYZER_NONNULL = YES;
				CLANG_ANALYZER_NUMBER_OBJECT_CONVERSION = YES_AGGRESSIVE;
				CLANG_CXX_LANGUAGE_STANDARD = "gnu++14";
				CLANG_CXX_LIBRARY = "libc++";
				CLANG_ENABLE_MODULES = YES;
				CLANG_ENABLE_OBJC_ARC = YES;
				CLANG_ENABLE_OBJC_WEAK = YES;
				CLANG_WARN_BLOCK_CAPTURE_AUTORELEASING = YES;
				CLANG_WARN_BOOL_CONVERSION = YES;
				CLANG_WARN_COMMA = YES;
				CLANG_WARN_CONSTANT_CONVERSION = YES;
				CLANG_WARN_DEPRECATED_OBJC_IMPLEMENTATIONS = YES;
				CLANG_WARN_DIRECT_OBJC_ISA_USAGE = YES_ERROR;
				CLANG_WARN_DOCUMENTATION_COMMENTS = YES;
				CLANG_WARN_EMPTY_BODY = YES;
				CLANG_WARN_ENUM_CONVERSION = YES;
				CLANG_WARN_INFINITE_RECURSION = YES;
				CLANG_WARN_INT_CONVERSION = YES;
				CLANG_WARN_NON_LITERAL_NULL_CONVERSION = YES;
				CLANG_WARN_OBJC_IMPLICIT_RETAIN_SELF = YES;
				CLANG_WARN_OBJC_LITERAL_CONVERSION = YES;
				CLANG_WARN_OBJC_ROOT_CLASS = YES_ERROR;
				CLANG_WARN_RANGE_LOOP_ANALYSIS = YES;
				CLANG_WARN_STRICT_PROTOTYPES = YES;
				CLANG_WARN_SUSPICIOUS_MOVE = YES;
				CLANG_WARN_UNGUARDED_AVAILABILITY = YES_AGGRESSIVE;
				CLANG_WARN_UNREACHABLE_CODE = YES;
				CLANG_WARN__DUPLICATE_METHOD_MATCH = YES;
				CODE_SIGN_IDENTITY = "iPhone Developer";
				COPY_PHASE_STRIP = NO;
				DEBUG_INFORMATION_FORMAT = dwarf;
				ENABLE_STRICT_OBJC_MSGSEND = YES;
				ENABLE_TESTABILITY = YES;
				GCC_C_LANGUAGE_STANDARD = gnu11;
				GCC_DYNAMIC_NO_PIC = NO;
				GCC_NO_COMMON_BLOCKS = YES;
				GCC_OPTIMIZATION_LEVEL = 0;
				GCC_PREPROCESSOR_DEFINITIONS = (
					"DEBUG=1",
					"$(inherited)",
				);
				GCC_WARN_64_TO_32_BIT_CONVERSION = YES;
				GCC_WARN_ABOUT_RETURN_TYPE = YES_ERROR;
				GCC_WARN_UNDECLARED_SELECTOR = YES;
				GCC_WARN_UNINITIALIZED_AUTOS = YES_AGGRESSIVE;
				GCC_WARN_UNUSED_FUNCTION = YES;
				GCC_WARN_UNUSED_VARIABLE = YES;
				IPHONEOS_DEPLOYMENT_TARGET = 12.1;
				MTL_ENABLE_DEBUG_INFO = INCLUDE_SOURCE;
				MTL_FAST_MATH = YES;
				ONLY_ACTIVE_ARCH = YES;
				SDKROOT = iphoneos;
				SWIFT_ACTIVE_COMPILATION_CONDITIONS = DEBUG;
				SWIFT_OPTIMIZATION_LEVEL = "-Onone";
			};
			name = Debug;
		};
		8E0643BB22013C4C00F977DF /* Release */ = {
			isa = XCBuildConfiguration;
			buildSettings = {
				ALWAYS_SEARCH_USER_PATHS = NO;
				CLANG_ANALYZER_NONNULL = YES;
				CLANG_ANALYZER_NUMBER_OBJECT_CONVERSION = YES_AGGRESSIVE;
				CLANG_CXX_LANGUAGE_STANDARD = "gnu++14";
				CLANG_CXX_LIBRARY = "libc++";
				CLANG_ENABLE_MODULES = YES;
				CLANG_ENABLE_OBJC_ARC = YES;
				CLANG_ENABLE_OBJC_WEAK = YES;
				CLANG_WARN_BLOCK_CAPTURE_AUTORELEASING = YES;
				CLANG_WARN_BOOL_CONVERSION = YES;
				CLANG_WARN_COMMA = YES;
				CLANG_WARN_CONSTANT_CONVERSION = YES;
				CLANG_WARN_DEPRECATED_OBJC_IMPLEMENTATIONS = YES;
				CLANG_WARN_DIRECT_OBJC_ISA_USAGE = YES_ERROR;
				CLANG_WARN_DOCUMENTATION_COMMENTS = YES;
				CLANG_WARN_EMPTY_BODY = YES;
				CLANG_WARN_ENUM_CONVERSION = YES;
				CLANG_WARN_INFINITE_RECURSION = YES;
				CLANG_WARN_INT_CONVERSION = YES;
				CLANG_WARN_NON_LITERAL_NULL_CONVERSION = YES;
				CLANG_WARN_OBJC_IMPLICIT_RETAIN_SELF = YES;
				CLANG_WARN_OBJC_LITERAL_CONVERSION = YES;
				CLANG_WARN_OBJC_ROOT_CLASS = YES_ERROR;
				CLANG_WARN_RANGE_LOOP_ANALYSIS = YES;
				CLANG_WARN_STRICT_PROTOTYPES = YES;
				CLANG_WARN_SUSPICIOUS_MOVE = YES;
				CLANG_WARN_UNGUARDED_AVAILABILITY = YES_AGGRESSIVE;
				CLANG_WARN_UNREACHABLE_CODE = YES;
				CLANG_WARN__DUPLICATE_METHOD_MATCH = YES;
				CODE_SIGN_IDENTITY = "iPhone Developer";
				COPY_PHASE_STRIP = NO;
				DEBUG_INFORMATION_FORMAT = "dwarf-with-dsym";
				ENABLE_NS_ASSERTIONS = NO;
				ENABLE_STRICT_OBJC_MSGSEND = YES;
				GCC_C_LANGUAGE_STANDARD = gnu11;
				GCC_NO_COMMON_BLOCKS = YES;
				GCC_WARN_64_TO_32_BIT_CONVERSION = YES;
				GCC_WARN_ABOUT_RETURN_TYPE = YES_ERROR;
				GCC_WARN_UNDECLARED_SELECTOR = YES;
				GCC_WARN_UNINITIALIZED_AUTOS = YES_AGGRESSIVE;
				GCC_WARN_UNUSED_FUNCTION = YES;
				GCC_WARN_UNUSED_VARIABLE = YES;
				IPHONEOS_DEPLOYMENT_TARGET = 12.1;
				MTL_ENABLE_DEBUG_INFO = NO;
				MTL_FAST_MATH = YES;
				SDKROOT = iphoneos;
				SWIFT_COMPILATION_MODE = wholemodule;
				SWIFT_OPTIMIZATION_LEVEL = "-O";
				VALIDATE_PRODUCT = YES;
			};
			name = Release;
		};
		8E0643BD22013C4C00F977DF /* Debug */ = {
			isa = XCBuildConfiguration;
			buildSettings = {
				ASSETCATALOG_COMPILER_APPICON_NAME = AppIcon;
				CODE_SIGN_STYLE = Automatic;
				INFOPLIST_FILE = SkyScanner/Info.plist;
				LD_RUNPATH_SEARCH_PATHS = (
					"$(inherited)",
					"@executable_path/Frameworks",
				);
				PRODUCT_BUNDLE_IDENTIFIER = com.jfcadillo951..SkyScanner;
				PRODUCT_NAME = "$(TARGET_NAME)";
				SWIFT_VERSION = 4.2;
				TARGETED_DEVICE_FAMILY = "1,2";
			};
			name = Debug;
		};
		8E0643BE22013C4C00F977DF /* Release */ = {
			isa = XCBuildConfiguration;
			buildSettings = {
				ASSETCATALOG_COMPILER_APPICON_NAME = AppIcon;
				CODE_SIGN_STYLE = Automatic;
				INFOPLIST_FILE = SkyScanner/Info.plist;
				LD_RUNPATH_SEARCH_PATHS = (
					"$(inherited)",
					"@executable_path/Frameworks",
				);
				PRODUCT_BUNDLE_IDENTIFIER = com.jfcadillo951..SkyScanner;
				PRODUCT_NAME = "$(TARGET_NAME)";
				SWIFT_VERSION = 4.2;
				TARGETED_DEVICE_FAMILY = "1,2";
			};
			name = Release;
		};
		8E0643C022013C4C00F977DF /* Debug */ = {
			isa = XCBuildConfiguration;
			buildSettings = {
				ALWAYS_EMBED_SWIFT_STANDARD_LIBRARIES = YES;
				BUNDLE_LOADER = "$(TEST_HOST)";
				CODE_SIGN_STYLE = Automatic;
				INFOPLIST_FILE = SkyScannerTests/Info.plist;
				LD_RUNPATH_SEARCH_PATHS = (
					"$(inherited)",
					"@executable_path/Frameworks",
					"@loader_path/Frameworks",
				);
				PRODUCT_BUNDLE_IDENTIFIER = com.jfcadillo951..SkyScannerTests;
				PRODUCT_NAME = "$(TARGET_NAME)";
				SWIFT_VERSION = 4.2;
				TARGETED_DEVICE_FAMILY = "1,2";
				TEST_HOST = "$(BUILT_PRODUCTS_DIR)/SkyScanner.app/SkyScanner";
			};
			name = Debug;
		};
		8E0643C122013C4C00F977DF /* Release */ = {
			isa = XCBuildConfiguration;
			buildSettings = {
				ALWAYS_EMBED_SWIFT_STANDARD_LIBRARIES = YES;
				BUNDLE_LOADER = "$(TEST_HOST)";
				CODE_SIGN_STYLE = Automatic;
				INFOPLIST_FILE = SkyScannerTests/Info.plist;
				LD_RUNPATH_SEARCH_PATHS = (
					"$(inherited)",
					"@executable_path/Frameworks",
					"@loader_path/Frameworks",
				);
				PRODUCT_BUNDLE_IDENTIFIER = com.jfcadillo951..SkyScannerTests;
				PRODUCT_NAME = "$(TARGET_NAME)";
				SWIFT_VERSION = 4.2;
				TARGETED_DEVICE_FAMILY = "1,2";
				TEST_HOST = "$(BUILT_PRODUCTS_DIR)/SkyScanner.app/SkyScanner";
			};
			name = Release;
		};
		8E0643C322013C4C00F977DF /* Debug */ = {
			isa = XCBuildConfiguration;
			buildSettings = {
				ALWAYS_EMBED_SWIFT_STANDARD_LIBRARIES = YES;
				CODE_SIGN_STYLE = Automatic;
				INFOPLIST_FILE = SkyScannerUITests/Info.plist;
				LD_RUNPATH_SEARCH_PATHS = (
					"$(inherited)",
					"@executable_path/Frameworks",
					"@loader_path/Frameworks",
				);
				PRODUCT_BUNDLE_IDENTIFIER = com.jfcadillo951..SkyScannerUITests;
				PRODUCT_NAME = "$(TARGET_NAME)";
				SWIFT_VERSION = 4.2;
				TARGETED_DEVICE_FAMILY = "1,2";
				TEST_TARGET_NAME = SkyScanner;
			};
			name = Debug;
		};
		8E0643C422013C4C00F977DF /* Release */ = {
			isa = XCBuildConfiguration;
			buildSettings = {
				ALWAYS_EMBED_SWIFT_STANDARD_LIBRARIES = YES;
				CODE_SIGN_STYLE = Automatic;
				INFOPLIST_FILE = SkyScannerUITests/Info.plist;
				LD_RUNPATH_SEARCH_PATHS = (
					"$(inherited)",
					"@executable_path/Frameworks",
					"@loader_path/Frameworks",
				);
				PRODUCT_BUNDLE_IDENTIFIER = com.jfcadillo951..SkyScannerUITests;
				PRODUCT_NAME = "$(TARGET_NAME)";
				SWIFT_VERSION = 4.2;
				TARGETED_DEVICE_FAMILY = "1,2";
				TEST_TARGET_NAME = SkyScanner;
			};
			name = Release;
		};
/* End XCBuildConfiguration section */

/* Begin XCConfigurationList section */
		8E06438F22013C4B00F977DF /* Build configuration list for PBXProject "SkyScanner" */ = {
			isa = XCConfigurationList;
			buildConfigurations = (
				8E0643BA22013C4C00F977DF /* Debug */,
				8E0643BB22013C4C00F977DF /* Release */,
			);
			defaultConfigurationIsVisible = 0;
			defaultConfigurationName = Release;
		};
		8E0643BC22013C4C00F977DF /* Build configuration list for PBXNativeTarget "SkyScanner" */ = {
			isa = XCConfigurationList;
			buildConfigurations = (
				8E0643BD22013C4C00F977DF /* Debug */,
				8E0643BE22013C4C00F977DF /* Release */,
			);
			defaultConfigurationIsVisible = 0;
			defaultConfigurationName = Release;
		};
		8E0643BF22013C4C00F977DF /* Build configuration list for PBXNativeTarget "SkyScannerTests" */ = {
			isa = XCConfigurationList;
			buildConfigurations = (
				8E0643C022013C4C00F977DF /* Debug */,
				8E0643C122013C4C00F977DF /* Release */,
			);
			defaultConfigurationIsVisible = 0;
			defaultConfigurationName = Release;
		};
		8E0643C222013C4C00F977DF /* Build configuration list for PBXNativeTarget "SkyScannerUITests" */ = {
			isa = XCConfigurationList;
			buildConfigurations = (
				8E0643C322013C4C00F977DF /* Debug */,
				8E0643C422013C4C00F977DF /* Release */,
			);
			defaultConfigurationIsVisible = 0;
			defaultConfigurationName = Release;
		};
/* End XCConfigurationList section */
	};
	rootObject = 8E06438C22013C4B00F977DF /* Project object */;
}
